
Microsoft Visual Studio Solution File, Format Version 12.00
# Visual Studio Version 16
VisualStudioVersion = 16.0.29613.14
MinimumVisualStudioVersion = 10.0.40219.1
Project("{FAE04EC0-301F-11D3-BF4B-00C04F79EFBC}") = "VoucherRedemptionMobile.Android", "VoucherRedemptionMobile.Android\VoucherRedemptionMobile.Android.csproj", "{9D490DC5-C433-4629-B841-CA2DB0E0D987}"
EndProject
Project("{FAE04EC0-301F-11D3-BF4B-00C04F79EFBC}") = "VoucherRedemptionMobile.iOS", "VoucherRedemptionMobile.iOS\VoucherRedemptionMobile.iOS.csproj", "{97D2CDE2-DAD9-40C4-9918-2B8E75ED2D9C}"
EndProject
Project("{9A19103F-16F7-4668-BE54-9A1E7A4F7556}") = "VoucherRedemptionMobile", "VoucherRedemptionMobile\VoucherRedemptionMobile.csproj", "{AC489537-0F82-433C-911F-AB4715010BDB}"
EndProject
Project("{2150E333-8FDC-42A3-9474-1A3956D46DE8}") = "src", "src", "{B9B665EA-CCA8-49A6-A63A-7B02890A9CE8}"
EndProject
Project("{2150E333-8FDC-42A3-9474-1A3956D46DE8}") = "test", "test", "{A3AEBDF0-92F8-4E64-8037-2D6CA49C5DC3}"
EndProject
Project("{9A19103F-16F7-4668-BE54-9A1E7A4F7556}") = "VoucherRedemption.IntegrationTestClients", "VoucherRedemption.IntegrationTestClients\VoucherRedemption.IntegrationTestClients.csproj", "{906BC43C-045F-4217-8130-6039A63FE05B}"
EndProject
Project("{9A19103F-16F7-4668-BE54-9A1E7A4F7556}") = "VoucherRedemption.Clients", "VoucherRedemption.Clients\VoucherRedemption.Clients.csproj", "{472F9880-E2CE-4F04-8EC7-F062203CFA3A}"
EndProject
Project("{9A19103F-16F7-4668-BE54-9A1E7A4F7556}") = "VoucherRedemptionMobile.IntegrationTests.WithAppium", "VoucherRedemptionMobile.IntegrationTests.WithAppium\VoucherRedemptionMobile.IntegrationTests.WithAppium.csproj", "{4B60ADE5-7E96-489D-98AD-55CA2355A696}"
EndProject
Global
	GlobalSection(SolutionConfigurationPlatforms) = preSolution
		Debug|Any CPU = Debug|Any CPU
		Debug|iPhone = Debug|iPhone
		Debug|iPhoneSimulator = Debug|iPhoneSimulator
		GooglePlay|Any CPU = GooglePlay|Any CPU
		GooglePlay|iPhone = GooglePlay|iPhone
		GooglePlay|iPhoneSimulator = GooglePlay|iPhoneSimulator
		Release|Any CPU = Release|Any CPU
		Release|iPhone = Release|iPhone
		Release|iPhoneSimulator = Release|iPhoneSimulator
		TestAutomation|Any CPU = TestAutomation|Any CPU
		TestAutomation|iPhone = TestAutomation|iPhone
		TestAutomation|iPhoneSimulator = TestAutomation|iPhoneSimulator
	EndGlobalSection
	GlobalSection(ProjectConfigurationPlatforms) = postSolution
		{9D490DC5-C433-4629-B841-CA2DB0E0D987}.Debug|Any CPU.ActiveCfg = Debug|Any CPU
		{9D490DC5-C433-4629-B841-CA2DB0E0D987}.Debug|Any CPU.Build.0 = Debug|Any CPU
		{9D490DC5-C433-4629-B841-CA2DB0E0D987}.Debug|Any CPU.Deploy.0 = Debug|Any CPU
		{9D490DC5-C433-4629-B841-CA2DB0E0D987}.Debug|iPhone.ActiveCfg = Debug|Any CPU
		{9D490DC5-C433-4629-B841-CA2DB0E0D987}.Debug|iPhone.Build.0 = Debug|Any CPU
		{9D490DC5-C433-4629-B841-CA2DB0E0D987}.Debug|iPhone.Deploy.0 = Debug|Any CPU
		{9D490DC5-C433-4629-B841-CA2DB0E0D987}.Debug|iPhoneSimulator.ActiveCfg = Debug|Any CPU
		{9D490DC5-C433-4629-B841-CA2DB0E0D987}.Debug|iPhoneSimulator.Build.0 = Debug|Any CPU
		{9D490DC5-C433-4629-B841-CA2DB0E0D987}.Debug|iPhoneSimulator.Deploy.0 = Debug|Any CPU
		{9D490DC5-C433-4629-B841-CA2DB0E0D987}.GooglePlay|Any CPU.ActiveCfg = GooglePlay|Any CPU
		{9D490DC5-C433-4629-B841-CA2DB0E0D987}.GooglePlay|Any CPU.Build.0 = GooglePlay|Any CPU
		{9D490DC5-C433-4629-B841-CA2DB0E0D987}.GooglePlay|Any CPU.Deploy.0 = GooglePlay|Any CPU
		{9D490DC5-C433-4629-B841-CA2DB0E0D987}.GooglePlay|iPhone.ActiveCfg = GooglePlay|Any CPU
		{9D490DC5-C433-4629-B841-CA2DB0E0D987}.GooglePlay|iPhone.Build.0 = GooglePlay|Any CPU
		{9D490DC5-C433-4629-B841-CA2DB0E0D987}.GooglePlay|iPhone.Deploy.0 = GooglePlay|Any CPU
		{9D490DC5-C433-4629-B841-CA2DB0E0D987}.GooglePlay|iPhoneSimulator.ActiveCfg = GooglePlay|Any CPU
		{9D490DC5-C433-4629-B841-CA2DB0E0D987}.GooglePlay|iPhoneSimulator.Build.0 = GooglePlay|Any CPU
		{9D490DC5-C433-4629-B841-CA2DB0E0D987}.GooglePlay|iPhoneSimulator.Deploy.0 = GooglePlay|Any CPU
		{9D490DC5-C433-4629-B841-CA2DB0E0D987}.Release|Any CPU.ActiveCfg = Release|Any CPU
		{9D490DC5-C433-4629-B841-CA2DB0E0D987}.Release|Any CPU.Build.0 = Release|Any CPU
		{9D490DC5-C433-4629-B841-CA2DB0E0D987}.Release|Any CPU.Deploy.0 = Release|Any CPU
		{9D490DC5-C433-4629-B841-CA2DB0E0D987}.Release|iPhone.ActiveCfg = Release|Any CPU
		{9D490DC5-C433-4629-B841-CA2DB0E0D987}.Release|iPhone.Build.0 = Release|Any CPU
		{9D490DC5-C433-4629-B841-CA2DB0E0D987}.Release|iPhone.Deploy.0 = Release|Any CPU
		{9D490DC5-C433-4629-B841-CA2DB0E0D987}.Release|iPhoneSimulator.ActiveCfg = Release|Any CPU
		{9D490DC5-C433-4629-B841-CA2DB0E0D987}.Release|iPhoneSimulator.Build.0 = Release|Any CPU
		{9D490DC5-C433-4629-B841-CA2DB0E0D987}.Release|iPhoneSimulator.Deploy.0 = Release|Any CPU
		{9D490DC5-C433-4629-B841-CA2DB0E0D987}.TestAutomation|Any CPU.ActiveCfg = Release|Any CPU
		{9D490DC5-C433-4629-B841-CA2DB0E0D987}.TestAutomation|Any CPU.Build.0 = Release|Any CPU
		{9D490DC5-C433-4629-B841-CA2DB0E0D987}.TestAutomation|Any CPU.Deploy.0 = Release|Any CPU
		{9D490DC5-C433-4629-B841-CA2DB0E0D987}.TestAutomation|iPhone.ActiveCfg = TestAutomation|Any CPU
		{9D490DC5-C433-4629-B841-CA2DB0E0D987}.TestAutomation|iPhone.Build.0 = TestAutomation|Any CPU
		{9D490DC5-C433-4629-B841-CA2DB0E0D987}.TestAutomation|iPhone.Deploy.0 = TestAutomation|Any CPU
		{9D490DC5-C433-4629-B841-CA2DB0E0D987}.TestAutomation|iPhoneSimulator.ActiveCfg = Release|Any CPU
		{9D490DC5-C433-4629-B841-CA2DB0E0D987}.TestAutomation|iPhoneSimulator.Build.0 = Release|Any CPU
		{9D490DC5-C433-4629-B841-CA2DB0E0D987}.TestAutomation|iPhoneSimulator.Deploy.0 = Release|Any CPU
		{97D2CDE2-DAD9-40C4-9918-2B8E75ED2D9C}.Debug|Any CPU.ActiveCfg = Debug|iPhoneSimulator
		{97D2CDE2-DAD9-40C4-9918-2B8E75ED2D9C}.Debug|Any CPU.Build.0 = Debug|iPhoneSimulator
		{97D2CDE2-DAD9-40C4-9918-2B8E75ED2D9C}.Debug|Any CPU.Deploy.0 = Debug|iPhoneSimulator
		{97D2CDE2-DAD9-40C4-9918-2B8E75ED2D9C}.Debug|iPhone.ActiveCfg = Debug|iPhone
		{97D2CDE2-DAD9-40C4-9918-2B8E75ED2D9C}.Debug|iPhone.Build.0 = Debug|iPhone
		{97D2CDE2-DAD9-40C4-9918-2B8E75ED2D9C}.Debug|iPhone.Deploy.0 = Debug|iPhone
		{97D2CDE2-DAD9-40C4-9918-2B8E75ED2D9C}.Debug|iPhoneSimulator.ActiveCfg = Debug|iPhoneSimulator
		{97D2CDE2-DAD9-40C4-9918-2B8E75ED2D9C}.Debug|iPhoneSimulator.Build.0 = Debug|iPhoneSimulator
		{97D2CDE2-DAD9-40C4-9918-2B8E75ED2D9C}.Debug|iPhoneSimulator.Deploy.0 = Debug|iPhoneSimulator
		{97D2CDE2-DAD9-40C4-9918-2B8E75ED2D9C}.GooglePlay|Any CPU.ActiveCfg = GooglePlay|iPhoneSimulator
		{97D2CDE2-DAD9-40C4-9918-2B8E75ED2D9C}.GooglePlay|iPhone.ActiveCfg = GooglePlay|iPhone
		{97D2CDE2-DAD9-40C4-9918-2B8E75ED2D9C}.GooglePlay|iPhone.Build.0 = GooglePlay|iPhone
		{97D2CDE2-DAD9-40C4-9918-2B8E75ED2D9C}.GooglePlay|iPhoneSimulator.ActiveCfg = GooglePlay|iPhoneSimulator
		{97D2CDE2-DAD9-40C4-9918-2B8E75ED2D9C}.GooglePlay|iPhoneSimulator.Build.0 = GooglePlay|iPhoneSimulator
		{97D2CDE2-DAD9-40C4-9918-2B8E75ED2D9C}.Release|Any CPU.ActiveCfg = Release|iPhone
		{97D2CDE2-DAD9-40C4-9918-2B8E75ED2D9C}.Release|Any CPU.Build.0 = Release|iPhone
		{97D2CDE2-DAD9-40C4-9918-2B8E75ED2D9C}.Release|Any CPU.Deploy.0 = Release|iPhone
		{97D2CDE2-DAD9-40C4-9918-2B8E75ED2D9C}.Release|iPhone.ActiveCfg = Release|iPhone
		{97D2CDE2-DAD9-40C4-9918-2B8E75ED2D9C}.Release|iPhone.Build.0 = Release|iPhone
		{97D2CDE2-DAD9-40C4-9918-2B8E75ED2D9C}.Release|iPhone.Deploy.0 = Release|iPhone
		{97D2CDE2-DAD9-40C4-9918-2B8E75ED2D9C}.Release|iPhoneSimulator.ActiveCfg = Release|iPhoneSimulator
		{97D2CDE2-DAD9-40C4-9918-2B8E75ED2D9C}.Release|iPhoneSimulator.Build.0 = Release|iPhoneSimulator
		{97D2CDE2-DAD9-40C4-9918-2B8E75ED2D9C}.Release|iPhoneSimulator.Deploy.0 = Release|iPhoneSimulator
		{97D2CDE2-DAD9-40C4-9918-2B8E75ED2D9C}.TestAutomation|Any CPU.ActiveCfg = Debug|iPhoneSimulator
		{97D2CDE2-DAD9-40C4-9918-2B8E75ED2D9C}.TestAutomation|iPhone.ActiveCfg = TestAutomation|iPhone
		{97D2CDE2-DAD9-40C4-9918-2B8E75ED2D9C}.TestAutomation|iPhone.Build.0 = TestAutomation|iPhone
		{97D2CDE2-DAD9-40C4-9918-2B8E75ED2D9C}.TestAutomation|iPhoneSimulator.ActiveCfg = TestAutomation|iPhoneSimulator
		{97D2CDE2-DAD9-40C4-9918-2B8E75ED2D9C}.TestAutomation|iPhoneSimulator.Build.0 = TestAutomation|iPhoneSimulator
		{AC489537-0F82-433C-911F-AB4715010BDB}.Debug|Any CPU.ActiveCfg = Debug|Any CPU
		{AC489537-0F82-433C-911F-AB4715010BDB}.Debug|Any CPU.Build.0 = Debug|Any CPU
		{AC489537-0F82-433C-911F-AB4715010BDB}.Debug|Any CPU.Deploy.0 = Debug|Any CPU
		{AC489537-0F82-433C-911F-AB4715010BDB}.Debug|iPhone.ActiveCfg = Debug|Any CPU
		{AC489537-0F82-433C-911F-AB4715010BDB}.Debug|iPhone.Build.0 = Debug|Any CPU
		{AC489537-0F82-433C-911F-AB4715010BDB}.Debug|iPhone.Deploy.0 = Debug|Any CPU
		{AC489537-0F82-433C-911F-AB4715010BDB}.Debug|iPhoneSimulator.ActiveCfg = Debug|Any CPU
		{AC489537-0F82-433C-911F-AB4715010BDB}.Debug|iPhoneSimulator.Build.0 = Debug|Any CPU
		{AC489537-0F82-433C-911F-AB4715010BDB}.Debug|iPhoneSimulator.Deploy.0 = Debug|Any CPU
		{AC489537-0F82-433C-911F-AB4715010BDB}.GooglePlay|Any CPU.ActiveCfg = GooglePlay|Any CPU
		{AC489537-0F82-433C-911F-AB4715010BDB}.GooglePlay|Any CPU.Build.0 = GooglePlay|Any CPU
		{AC489537-0F82-433C-911F-AB4715010BDB}.GooglePlay|iPhone.ActiveCfg = GooglePlay|Any CPU
		{AC489537-0F82-433C-911F-AB4715010BDB}.GooglePlay|iPhone.Build.0 = GooglePlay|Any CPU
		{AC489537-0F82-433C-911F-AB4715010BDB}.GooglePlay|iPhoneSimulator.ActiveCfg = GooglePlay|Any CPU
		{AC489537-0F82-433C-911F-AB4715010BDB}.GooglePlay|iPhoneSimulator.Build.0 = GooglePlay|Any CPU
		{AC489537-0F82-433C-911F-AB4715010BDB}.Release|Any CPU.ActiveCfg = Release|Any CPU
		{AC489537-0F82-433C-911F-AB4715010BDB}.Release|Any CPU.Build.0 = Release|Any CPU
		{AC489537-0F82-433C-911F-AB4715010BDB}.Release|Any CPU.Deploy.0 = Release|Any CPU
		{AC489537-0F82-433C-911F-AB4715010BDB}.Release|iPhone.ActiveCfg = Release|Any CPU
		{AC489537-0F82-433C-911F-AB4715010BDB}.Release|iPhone.Build.0 = Release|Any CPU
		{AC489537-0F82-433C-911F-AB4715010BDB}.Release|iPhone.Deploy.0 = Release|Any CPU
		{AC489537-0F82-433C-911F-AB4715010BDB}.Release|iPhoneSimulator.ActiveCfg = Release|Any CPU
		{AC489537-0F82-433C-911F-AB4715010BDB}.Release|iPhoneSimulator.Build.0 = Release|Any CPU
		{AC489537-0F82-433C-911F-AB4715010BDB}.Release|iPhoneSimulator.Deploy.0 = Release|Any CPU
		{AC489537-0F82-433C-911F-AB4715010BDB}.TestAutomation|Any CPU.ActiveCfg = Debug|Any CPU
		{AC489537-0F82-433C-911F-AB4715010BDB}.TestAutomation|Any CPU.Build.0 = Debug|Any CPU
		{AC489537-0F82-433C-911F-AB4715010BDB}.TestAutomation|iPhone.ActiveCfg = TestAutomation|Any CPU
		{AC489537-0F82-433C-911F-AB4715010BDB}.TestAutomation|iPhone.Build.0 = TestAutomation|Any CPU
		{AC489537-0F82-433C-911F-AB4715010BDB}.TestAutomation|iPhoneSimulator.ActiveCfg = TestAutomation|Any CPU
		{AC489537-0F82-433C-911F-AB4715010BDB}.TestAutomation|iPhoneSimulator.Build.0 = TestAutomation|Any CPU
		{906BC43C-045F-4217-8130-6039A63FE05B}.Debug|Any CPU.ActiveCfg = Debug|Any CPU
		{906BC43C-045F-4217-8130-6039A63FE05B}.Debug|Any CPU.Build.0 = Debug|Any CPU
		{906BC43C-045F-4217-8130-6039A63FE05B}.Debug|iPhone.ActiveCfg = Debug|Any CPU
		{906BC43C-045F-4217-8130-6039A63FE05B}.Debug|iPhone.Build.0 = Debug|Any CPU
		{906BC43C-045F-4217-8130-6039A63FE05B}.Debug|iPhoneSimulator.ActiveCfg = Debug|Any CPU
		{906BC43C-045F-4217-8130-6039A63FE05B}.Debug|iPhoneSimulator.Build.0 = Debug|Any CPU
		{906BC43C-045F-4217-8130-6039A63FE05B}.GooglePlay|Any CPU.ActiveCfg = Debug|Any CPU
		{906BC43C-045F-4217-8130-6039A63FE05B}.GooglePlay|Any CPU.Build.0 = Debug|Any CPU
		{906BC43C-045F-4217-8130-6039A63FE05B}.GooglePlay|iPhone.ActiveCfg = Debug|Any CPU
		{906BC43C-045F-4217-8130-6039A63FE05B}.GooglePlay|iPhone.Build.0 = Debug|Any CPU
		{906BC43C-045F-4217-8130-6039A63FE05B}.GooglePlay|iPhoneSimulator.ActiveCfg = Debug|Any CPU
		{906BC43C-045F-4217-8130-6039A63FE05B}.GooglePlay|iPhoneSimulator.Build.0 = Debug|Any CPU
		{906BC43C-045F-4217-8130-6039A63FE05B}.Release|Any CPU.ActiveCfg = Release|Any CPU
		{906BC43C-045F-4217-8130-6039A63FE05B}.Release|Any CPU.Build.0 = Release|Any CPU
		{906BC43C-045F-4217-8130-6039A63FE05B}.Release|iPhone.ActiveCfg = Release|Any CPU
		{906BC43C-045F-4217-8130-6039A63FE05B}.Release|iPhone.Build.0 = Release|Any CPU
		{906BC43C-045F-4217-8130-6039A63FE05B}.Release|iPhoneSimulator.ActiveCfg = Release|Any CPU
		{906BC43C-045F-4217-8130-6039A63FE05B}.Release|iPhoneSimulator.Build.0 = Release|Any CPU
		{906BC43C-045F-4217-8130-6039A63FE05B}.TestAutomation|Any CPU.ActiveCfg = TestAutomation|Any CPU
		{906BC43C-045F-4217-8130-6039A63FE05B}.TestAutomation|Any CPU.Build.0 = TestAutomation|Any CPU
		{906BC43C-045F-4217-8130-6039A63FE05B}.TestAutomation|iPhone.ActiveCfg = TestAutomation|Any CPU
		{906BC43C-045F-4217-8130-6039A63FE05B}.TestAutomation|iPhone.Build.0 = TestAutomation|Any CPU
		{906BC43C-045F-4217-8130-6039A63FE05B}.TestAutomation|iPhoneSimulator.ActiveCfg = TestAutomation|Any CPU
		{906BC43C-045F-4217-8130-6039A63FE05B}.TestAutomation|iPhoneSimulator.Build.0 = TestAutomation|Any CPU
		{472F9880-E2CE-4F04-8EC7-F062203CFA3A}.Debug|Any CPU.ActiveCfg = Debug|Any CPU
		{472F9880-E2CE-4F04-8EC7-F062203CFA3A}.Debug|Any CPU.Build.0 = Debug|Any CPU
		{472F9880-E2CE-4F04-8EC7-F062203CFA3A}.Debug|iPhone.ActiveCfg = Debug|Any CPU
		{472F9880-E2CE-4F04-8EC7-F062203CFA3A}.Debug|iPhone.Build.0 = Debug|Any CPU
		{472F9880-E2CE-4F04-8EC7-F062203CFA3A}.Debug|iPhoneSimulator.ActiveCfg = Debug|Any CPU
		{472F9880-E2CE-4F04-8EC7-F062203CFA3A}.Debug|iPhoneSimulator.Build.0 = Debug|Any CPU
		{472F9880-E2CE-4F04-8EC7-F062203CFA3A}.GooglePlay|Any CPU.ActiveCfg = Debug|Any CPU
		{472F9880-E2CE-4F04-8EC7-F062203CFA3A}.GooglePlay|Any CPU.Build.0 = Debug|Any CPU
		{472F9880-E2CE-4F04-8EC7-F062203CFA3A}.GooglePlay|iPhone.ActiveCfg = Debug|Any CPU
		{472F9880-E2CE-4F04-8EC7-F062203CFA3A}.GooglePlay|iPhone.Build.0 = Debug|Any CPU
		{472F9880-E2CE-4F04-8EC7-F062203CFA3A}.GooglePlay|iPhoneSimulator.ActiveCfg = Debug|Any CPU
		{472F9880-E2CE-4F04-8EC7-F062203CFA3A}.GooglePlay|iPhoneSimulator.Build.0 = Debug|Any CPU
		{472F9880-E2CE-4F04-8EC7-F062203CFA3A}.Release|Any CPU.ActiveCfg = Release|Any CPU
		{472F9880-E2CE-4F04-8EC7-F062203CFA3A}.Release|Any CPU.Build.0 = Release|Any CPU
		{472F9880-E2CE-4F04-8EC7-F062203CFA3A}.Release|iPhone.ActiveCfg = Release|Any CPU
		{472F9880-E2CE-4F04-8EC7-F062203CFA3A}.Release|iPhone.Build.0 = Release|Any CPU
		{472F9880-E2CE-4F04-8EC7-F062203CFA3A}.Release|iPhoneSimulator.ActiveCfg = Release|Any CPU
		{472F9880-E2CE-4F04-8EC7-F062203CFA3A}.Release|iPhoneSimulator.Build.0 = Release|Any CPU
		{472F9880-E2CE-4F04-8EC7-F062203CFA3A}.TestAutomation|Any CPU.ActiveCfg = Debug|Any CPU
		{472F9880-E2CE-4F04-8EC7-F062203CFA3A}.TestAutomation|Any CPU.Build.0 = Debug|Any CPU
		{472F9880-E2CE-4F04-8EC7-F062203CFA3A}.TestAutomation|iPhone.ActiveCfg = TestAutomation|Any CPU
		{472F9880-E2CE-4F04-8EC7-F062203CFA3A}.TestAutomation|iPhone.Build.0 = TestAutomation|Any CPU
		{472F9880-E2CE-4F04-8EC7-F062203CFA3A}.TestAutomation|iPhoneSimulator.ActiveCfg = TestAutomation|Any CPU
		{472F9880-E2CE-4F04-8EC7-F062203CFA3A}.TestAutomation|iPhoneSimulator.Build.0 = TestAutomation|Any CPU
		{4B60ADE5-7E96-489D-98AD-55CA2355A696}.Debug|Any CPU.ActiveCfg = Debug|Any CPU
		{4B60ADE5-7E96-489D-98AD-55CA2355A696}.Debug|Any CPU.Build.0 = Debug|Any CPU
		{4B60ADE5-7E96-489D-98AD-55CA2355A696}.Debug|iPhone.ActiveCfg = Debug|Any CPU
		{4B60ADE5-7E96-489D-98AD-55CA2355A696}.Debug|iPhone.Build.0 = Debug|Any CPU
		{4B60ADE5-7E96-489D-98AD-55CA2355A696}.Debug|iPhoneSimulator.ActiveCfg = Debug|Any CPU
		{4B60ADE5-7E96-489D-98AD-55CA2355A696}.Debug|iPhoneSimulator.Build.0 = Debug|Any CPU
		{4B60ADE5-7E96-489D-98AD-55CA2355A696}.GooglePlay|Any CPU.ActiveCfg = Debug|Any CPU
		{4B60ADE5-7E96-489D-98AD-55CA2355A696}.GooglePlay|Any CPU.Build.0 = Debug|Any CPU
		{4B60ADE5-7E96-489D-98AD-55CA2355A696}.GooglePlay|iPhone.ActiveCfg = Debug|Any CPU
		{4B60ADE5-7E96-489D-98AD-55CA2355A696}.GooglePlay|iPhone.Build.0 = Debug|Any CPU
		{4B60ADE5-7E96-489D-98AD-55CA2355A696}.GooglePlay|iPhoneSimulator.ActiveCfg = Debug|Any CPU
		{4B60ADE5-7E96-489D-98AD-55CA2355A696}.GooglePlay|iPhoneSimulator.Build.0 = Debug|Any CPU
		{4B60ADE5-7E96-489D-98AD-55CA2355A696}.Release|Any CPU.ActiveCfg = Release|Any CPU
		{4B60ADE5-7E96-489D-98AD-55CA2355A696}.Release|Any CPU.Build.0 = Release|Any CPU
		{4B60ADE5-7E96-489D-98AD-55CA2355A696}.Release|iPhone.ActiveCfg = Release|Any CPU
		{4B60ADE5-7E96-489D-98AD-55CA2355A696}.Release|iPhone.Build.0 = Release|Any CPU
		{4B60ADE5-7E96-489D-98AD-55CA2355A696}.Release|iPhoneSimulator.ActiveCfg = Release|Any CPU
		{4B60ADE5-7E96-489D-98AD-55CA2355A696}.Release|iPhoneSimulator.Build.0 = Release|Any CPU
		{4B60ADE5-7E96-489D-98AD-55CA2355A696}.TestAutomation|Any CPU.ActiveCfg = Debug|Any CPU
		{4B60ADE5-7E96-489D-98AD-55CA2355A696}.TestAutomation|Any CPU.Build.0 = Debug|Any CPU
		{4B60ADE5-7E96-489D-98AD-55CA2355A696}.TestAutomation|iPhone.ActiveCfg = TestAutomation|Any CPU
		{4B60ADE5-7E96-489D-98AD-55CA2355A696}.TestAutomation|iPhone.Build.0 = TestAutomation|Any CPU
		{4B60ADE5-7E96-489D-98AD-55CA2355A696}.TestAutomation|iPhoneSimulator.ActiveCfg = TestAutomation|Any CPU
		{4B60ADE5-7E96-489D-98AD-55CA2355A696}.TestAutomation|iPhoneSimulator.Build.0 = TestAutomation|Any CPU
	EndGlobalSection
	GlobalSection(SolutionProperties) = preSolution
		HideSolutionNode = FALSE
	EndGlobalSection
	GlobalSection(NestedProjects) = preSolution
		{9D490DC5-C433-4629-B841-CA2DB0E0D987} = {B9B665EA-CCA8-49A6-A63A-7B02890A9CE8}
		{97D2CDE2-DAD9-40C4-9918-2B8E75ED2D9C} = {B9B665EA-CCA8-49A6-A63A-7B02890A9CE8}
		{AC489537-0F82-433C-911F-AB4715010BDB} = {B9B665EA-CCA8-49A6-A63A-7B02890A9CE8}
		{906BC43C-045F-4217-8130-6039A63FE05B} = {B9B665EA-CCA8-49A6-A63A-7B02890A9CE8}
		{472F9880-E2CE-4F04-8EC7-F062203CFA3A} = {B9B665EA-CCA8-49A6-A63A-7B02890A9CE8}
		{4B60ADE5-7E96-489D-98AD-55CA2355A696} = {A3AEBDF0-92F8-4E64-8037-2D6CA49C5DC3}
	EndGlobalSection
	GlobalSection(ExtensibilityGlobals) = postSolution
		SolutionGuid = {95B42EF7-D067-456A-A50B-9F41430851C7}
	EndGlobalSection
EndGlobal
